
Microsoft Visual Studio Solution File, Format Version 12.00
# Visual Studio Version 17
VisualStudioVersion = 17.2.32526.322
MinimumVisualStudioVersion = 10.0.40219.1
Project("{9A19103F-16F7-4668-BE54-9A1E7A4F7556}") = "Onebrb.API", "Onebrb.API\Onebrb.API.csproj", "{B1F9A9A7-9A6D-4111-8A7E-DA12077F8928}"
EndProject
Project("{FAE04EC0-301F-11D3-BF4B-00C04F79EFBC}") = "Onebrb.API.Tests", "Onebrb.API.Tests\Onebrb.API.Tests.csproj", "{5400AE05-0761-4DED-B8A0-B794EAAD3101}"
EndProject
Project("{FAE04EC0-301F-11D3-BF4B-00C04F79EFBC}") = "Onebrb.API.Data", "Onebrb.API.Data\Onebrb.API.Data.csproj", "{D0345BBB-35B3-4D9A-A6E9-017BCEAD009F}"
EndProject
Project("{FAE04EC0-301F-11D3-BF4B-00C04F79EFBC}") = "Onebrb.API.Services", "Onebrb.API.Services\Onebrb.API.Services.csproj", "{7EF66983-BC29-42C6-8B48-0ACEFCB43EDA}"
EndProject
Global
	GlobalSection(SolutionConfigurationPlatforms) = preSolution
		Debug|Any CPU = Debug|Any CPU
		Release|Any CPU = Release|Any CPU
	EndGlobalSection
	GlobalSection(ProjectConfigurationPlatforms) = postSolution
		{B1F9A9A7-9A6D-4111-8A7E-DA12077F8928}.Debug|Any CPU.ActiveCfg = Debug|Any CPU
		{B1F9A9A7-9A6D-4111-8A7E-DA12077F8928}.Debug|Any CPU.Build.0 = Debug|Any CPU
		{B1F9A9A7-9A6D-4111-8A7E-DA12077F8928}.Release|Any CPU.ActiveCfg = Release|Any CPU
		{B1F9A9A7-9A6D-4111-8A7E-DA12077F8928}.Release|Any CPU.Build.0 = Release|Any CPU
		{5400AE05-0761-4DED-B8A0-B794EAAD3101}.Debug|Any CPU.ActiveCfg = Debug|Any CPU
		{5400AE05-0761-4DED-B8A0-B794EAAD3101}.Debug|Any CPU.Build.0 = Debug|Any CPU
		{5400AE05-0761-4DED-B8A0-B794EAAD3101}.Release|Any CPU.ActiveCfg = Release|Any CPU
		{5400AE05-0761-4DED-B8A0-B794EAAD3101}.Release|Any CPU.Build.0 = Release|Any CPU
		{D0345BBB-35B3-4D9A-A6E9-017BCEAD009F}.Debug|Any CPU.ActiveCfg = Debug|Any CPU
		{D0345BBB-35B3-4D9A-A6E9-017BCEAD009F}.Debug|Any CPU.Build.0 = Debug|Any CPU
		{D0345BBB-35B3-4D9A-A6E9-017BCEAD009F}.Release|Any CPU.ActiveCfg = Release|Any CPU
		{D0345BBB-35B3-4D9A-A6E9-017BCEAD009F}.Release|Any CPU.Build.0 = Release|Any CPU
		{7EF66983-BC29-42C6-8B48-0ACEFCB43EDA}.Debug|Any CPU.ActiveCfg = Debug|Any CPU
		{7EF66983-BC29-42C6-8B48-0ACEFCB43EDA}.Debug|Any CPU.Build.0 = Debug|Any CPU
		{7EF66983-BC29-42C6-8B48-0ACEFCB43EDA}.Release|Any CPU.ActiveCfg = Release|Any CPU
		{7EF66983-BC29-42C6-8B48-0ACEFCB43EDA}.Release|Any CPU.Build.0 = Release|Any CPU
	EndGlobalSection
	GlobalSection(SolutionProperties) = preSolution
		HideSolutionNode = FALSE
	EndGlobalSection
	GlobalSection(ExtensibilityGlobals) = postSolution
		SolutionGuid = {99C1D44D-F06E-4E5D-B8D3-29B687D6A35D}
	EndGlobalSection
EndGlobal
