
Microsoft Visual Studio Solution File, Format Version 12.00
# Visual Studio Version 17
VisualStudioVersion = 17.2.32526.322
MinimumVisualStudioVersion = 10.0.40219.1
Project("{9A19103F-16F7-4668-BE54-9A1E7A4F7556}") = "Onebrb.API", "src\Onebrb.API\Onebrb.API.csproj", "{B1F9A9A7-9A6D-4111-8A7E-DA12077F8928}"
EndProject
Project("{9A19103F-16F7-4668-BE54-9A1E7A4F7556}") = "Onebrb.API.Tests", "tests\Onebrb.API.Tests\Onebrb.API.Tests.csproj", "{50E78BED-A92D-46B8-B965-E962389D4B30}"
EndProject
Project("{2150E333-8FDC-42A3-9474-1A3956D46DE8}") = "src", "src", "{2350A94E-B13E-4917-9FC4-D914D8EF4BB4}"
EndProject
Project("{2150E333-8FDC-42A3-9474-1A3956D46DE8}") = "tests", "tests", "{CC2A6B24-E4F7-44CA-9E59-46B0D7957EC3}"
EndProject
Project("{FAE04EC0-301F-11D3-BF4B-00C04F79EFBC}") = "Onebrb.Core", "Onebrb.Core\Onebrb.Core.csproj", "{496AD84B-B425-49F4-8190-79AEE38789DA}"
EndProject
Global
	GlobalSection(SolutionConfigurationPlatforms) = preSolution
		Debug|Any CPU = Debug|Any CPU
		Release|Any CPU = Release|Any CPU
	EndGlobalSection
	GlobalSection(ProjectConfigurationPlatforms) = postSolution
		{B1F9A9A7-9A6D-4111-8A7E-DA12077F8928}.Debug|Any CPU.ActiveCfg = Debug|Any CPU
		{B1F9A9A7-9A6D-4111-8A7E-DA12077F8928}.Debug|Any CPU.Build.0 = Debug|Any CPU
		{B1F9A9A7-9A6D-4111-8A7E-DA12077F8928}.Release|Any CPU.ActiveCfg = Release|Any CPU
		{B1F9A9A7-9A6D-4111-8A7E-DA12077F8928}.Release|Any CPU.Build.0 = Release|Any CPU
		{50E78BED-A92D-46B8-B965-E962389D4B30}.Debug|Any CPU.ActiveCfg = Debug|Any CPU
		{50E78BED-A92D-46B8-B965-E962389D4B30}.Debug|Any CPU.Build.0 = Debug|Any CPU
		{50E78BED-A92D-46B8-B965-E962389D4B30}.Release|Any CPU.ActiveCfg = Release|Any CPU
		{50E78BED-A92D-46B8-B965-E962389D4B30}.Release|Any CPU.Build.0 = Release|Any CPU
		{496AD84B-B425-49F4-8190-79AEE38789DA}.Debug|Any CPU.ActiveCfg = Debug|Any CPU
		{496AD84B-B425-49F4-8190-79AEE38789DA}.Debug|Any CPU.Build.0 = Debug|Any CPU
		{496AD84B-B425-49F4-8190-79AEE38789DA}.Release|Any CPU.ActiveCfg = Release|Any CPU
		{496AD84B-B425-49F4-8190-79AEE38789DA}.Release|Any CPU.Build.0 = Release|Any CPU
	EndGlobalSection
	GlobalSection(SolutionProperties) = preSolution
		HideSolutionNode = FALSE
	EndGlobalSection
	GlobalSection(NestedProjects) = preSolution
		{B1F9A9A7-9A6D-4111-8A7E-DA12077F8928} = {2350A94E-B13E-4917-9FC4-D914D8EF4BB4}
		{50E78BED-A92D-46B8-B965-E962389D4B30} = {CC2A6B24-E4F7-44CA-9E59-46B0D7957EC3}
		{496AD84B-B425-49F4-8190-79AEE38789DA} = {2350A94E-B13E-4917-9FC4-D914D8EF4BB4}
	EndGlobalSection
	GlobalSection(ExtensibilityGlobals) = postSolution
		SolutionGuid = {99C1D44D-F06E-4E5D-B8D3-29B687D6A35D}
	EndGlobalSection
EndGlobal
